
Microsoft Visual Studio Solution File, Format Version 12.00
# Visual Studio Version 17
VisualStudioVersion = 17.14.36429.23 d17.14
MinimumVisualStudioVersion = 10.0.40219.1
Project("{FAE04EC0-301F-11D3-BF4B-00C04F79EFBC}") = "SecretRecorder", "SecretRecorder.csproj", "{D51A5766-396E-1DAE-852A-A343E8876EC8}"
EndProject
Global
	GlobalSection(SolutionConfigurationPlatforms) = preSolution
		Debug|Any CPU = Debug|Any CPU
		Release|Any CPU = Release|Any CPU
	EndGlobalSection
	GlobalSection(ProjectConfigurationPlatforms) = postSolution
		{D51A5766-396E-1DAE-852A-A343E8876EC8}.Debug|Any CPU.ActiveCfg = Debug|Any CPU
		{D51A5766-396E-1DAE-852A-A343E8876EC8}.Debug|Any CPU.Build.0 = Debug|Any CPU
		{D51A5766-396E-1DAE-852A-A343E8876EC8}.Release|Any CPU.ActiveCfg = Release|Any CPU
		{D51A5766-396E-1DAE-852A-A343E8876EC8}.Release|Any CPU.Build.0 = Release|Any CPU
	EndGlobalSection
	GlobalSection(SolutionProperties) = preSolution
		HideSolutionNode = FALSE
	EndGlobalSection
	GlobalSection(ExtensibilityGlobals) = postSolution
		SolutionGuid = {5FADAF50-1611-46CF-A397-3EE4353998E9}
	EndGlobalSection
EndGlobal
